
Microsoft Visual Studio Solution File, Format Version 12.00
# Visual Studio 14
VisualStudioVersion = 14.0.23107.0
MinimumVisualStudioVersion = 10.0.40219.1
Project("{FAE04EC0-301F-11D3-BF4B-00C04F79EFBC}") = "EmberSandbox.Web", "EmberSandbox.Web\EmberSandbox.Web.csproj", "{904FE11C-BAB9-4CCE-B236-B980F3A08FD0}"
EndProject
Project("{FAE04EC0-301F-11D3-BF4B-00C04F79EFBC}") = "EmberSandbox.Api", "EmberSandbox.Api\EmberSandbox.Api.csproj", "{1112B0C6-E272-4423-AA68-80035F3BE47F}"
EndProject
Global
	GlobalSection(SolutionConfigurationPlatforms) = preSolution
		Debug|Any CPU = Debug|Any CPU
		Release|Any CPU = Release|Any CPU
	EndGlobalSection
	GlobalSection(ProjectConfigurationPlatforms) = postSolution
		{904FE11C-BAB9-4CCE-B236-B980F3A08FD0}.Debug|Any CPU.ActiveCfg = Debug|Any CPU
		{904FE11C-BAB9-4CCE-B236-B980F3A08FD0}.Debug|Any CPU.Build.0 = Debug|Any CPU
		{904FE11C-BAB9-4CCE-B236-B980F3A08FD0}.Release|Any CPU.ActiveCfg = Release|Any CPU
		{904FE11C-BAB9-4CCE-B236-B980F3A08FD0}.Release|Any CPU.Build.0 = Release|Any CPU
		{1112B0C6-E272-4423-AA68-80035F3BE47F}.Debug|Any CPU.ActiveCfg = Debug|Any CPU
		{1112B0C6-E272-4423-AA68-80035F3BE47F}.Debug|Any CPU.Build.0 = Debug|Any CPU
		{1112B0C6-E272-4423-AA68-80035F3BE47F}.Release|Any CPU.ActiveCfg = Release|Any CPU
		{1112B0C6-E272-4423-AA68-80035F3BE47F}.Release|Any CPU.Build.0 = Release|Any CPU
	EndGlobalSection
	GlobalSection(SolutionProperties) = preSolution
		HideSolutionNode = FALSE
	EndGlobalSection
EndGlobal
